# This file is automatically @generated by Cargo.
# It is not intended for manual editing.
version = 4

[[package]]
name = "ca"
version = "0.1.0"
dependencies = [
 "ca-lib",
]

[[package]]
name = "ca-daemon"
version = "0.1.0"
dependencies = [
 "ca-lib",
]

[[package]]
name = "ca-lib"
version = "0.1.0"

[[package]]
name = "ca-tui"
version = "0.1.0"
dependencies = [
 "ca-lib",
]
